{
    "_readme": [
        "This file locks the dependencies of your project to a known state",
        "Read more about it at https://getcomposer.org/doc/01-basic-usage.md#installing-dependencies",
        "This file is @generated automatically"
    ],
    "content-hash": "1ced8545cb754471627808d28e6d00b9",
    "packages": [
        {
            "name": "devster/ubench",
            "version": "dev-master",
            "source": {
                "type": "git",
                "url": "https://github.com/devster/ubench.git",
                "reference": "255dd8d52f097918c5806f9214a8a1615ee394b5"
            },
            "dist": {
                "type": "zip",
                "url": "https://api.github.com/repos/devster/ubench/zipball/255dd8d52f097918c5806f9214a8a1615ee394b5",
                "reference": "255dd8d52f097918c5806f9214a8a1615ee394b5",
                "shasum": ""
            },
            "require-dev": {
                "phpunit/phpunit": "*"
            },
            "type": "library",
            "extra": {
                "branch-alias": {
                    "dev-master": "2.0.x-dev"
                }
            },
            "autoload": {
                "psr-0": {
                    "Ubench": "src/"
                }
            },
            "notification-url": "https://packagist.org/downloads/",
            "license": [
                "MIT"
            ],
            "authors": [
                {
                    "name": "Jeremy Perret",
                    "email": "jeremy@devster.org"
                }
            ],
            "description": "Micro PHP library for benchmarking",
            "homepage": "https://github.com/devster/ubench",
            "keywords": [
                "bench",
                "benchmark",
                "library",
                "micro"
            ],
            "time": "2017-11-02T16:41:47+00:00"
        },
        {
            "name": "dydro/benchmark",
            "version": "dev-master",
            "source": {
                "type": "git",
                "url": "https://github.com/Dydro/php-benchmark.git",
                "reference": "0b963c303837f138f99c5765a93b453ac3ff89d2"
            },
            "dist": {
                "type": "zip",
                "url": "https://api.github.com/repos/Dydro/php-benchmark/zipball/0b963c303837f138f99c5765a93b453ac3ff89d2",
                "reference": "0b963c303837f138f99c5765a93b453ac3ff89d2",
                "shasum": ""
            },
            "require": {
                "php": ">=5.4.0"
            },
            "require-dev": {
                "phpunit/phpunit": "3.7.*"
            },
            "type": "library",
            "autoload": {
                "psr-0": {
                    "Dydro\\Benchmark\\": "src/"
                }
            },
            "notification-url": "https://packagist.org/downloads/",
            "license": [
                "BSD-3-Clause"
            ],
            "authors": [
                {
                    "name": "Dydro LLC.",
                    "email": "team@dydro.com",
                    "homepage": "http://dydro.com"
                },
                {
                    "name": "Troy McCabe",
                    "email": "troy@dydro.com"
                }
            ],
            "description": "A comparison benchmarking utility",
            "keywords": [
                "benchmark",
                "comparison",
                "testing"
            ],
            "time": "2013-07-24T06:00:26+00:00"
        },
        {
            "name": "kanonji/php_reproducible_shuffle",
            "version": "dev-master",
            "source": {
                "type": "git",
                "url": "https://github.com/kanonji/php_reproducible_shuffle.git",
                "reference": "58977d205a3682b1bfdff13d1931a211973fa60d"
            },
            "require-dev": {
                "phpunit/phpunit": "4.6.*"
            },
            "type": "library",
            "autoload": {
                "psr-4": {
                    "kanonji\\": "src/",
                    "kanonji\\tests\\": "tests/"
                }
            },
            "scripts": {
                "test": [
                    "phpunit"
                ]
            },
            "authors": [
                {
                    "name": "kanonji",
                    "email": "kanonji@users.noreply.github.com"
                }
            ],
            "time": "2015-06-12T20:40:11+00:00"
        }
    ],
    "packages-dev": [],
    "aliases": [],
    "minimum-stability": "stable",
    "stability-flags": {
        "dydro/benchmark": 20,
        "devster/ubench": 20,
        "kanonji/php_reproducible_shuffle": 20
    },
    "prefer-stable": false,
    "prefer-lowest": false,
    "platform": [],
    "platform-dev": []
}
